
Microsoft Visual Studio Solution File, Format Version 11.00
# Visual Studio 2010
Project("{FAE04EC0-301F-11D3-BF4B-00C04F79EFBC}") = "SNT_MMUnicode_Excel2010", "SNT_MMUnicode_Excel2010\SNT_MMUnicode_Excel2010.csproj", "{15B7E711-3C90-45FE-8CF8-7F790A6C5857}"
EndProject
Project("{54435603-DBB4-11D2-8724-00A0C9A8B90C}") = "SNT_MMUNicode_Excel2010_Setup", "SNT_MMUNicode_Excel2010_Setup\SNT_MMUNicode_Excel2010_Setup.vdproj", "{21CB7173-7EB9-43B1-BBEB-6E38A4D50BF8}"
EndProject
Global
	GlobalSection(SolutionConfigurationPlatforms) = preSolution
		Debug|Any CPU = Debug|Any CPU
		Release|Any CPU = Release|Any CPU
	EndGlobalSection
	GlobalSection(ProjectConfigurationPlatforms) = postSolution
		{15B7E711-3C90-45FE-8CF8-7F790A6C5857}.Debug|Any CPU.ActiveCfg = Debug|Any CPU
		{15B7E711-3C90-45FE-8CF8-7F790A6C5857}.Debug|Any CPU.Build.0 = Debug|Any CPU
		{15B7E711-3C90-45FE-8CF8-7F790A6C5857}.Release|Any CPU.ActiveCfg = Release|Any CPU
		{15B7E711-3C90-45FE-8CF8-7F790A6C5857}.Release|Any CPU.Build.0 = Release|Any CPU
		{21CB7173-7EB9-43B1-BBEB-6E38A4D50BF8}.Debug|Any CPU.ActiveCfg = Debug
		{21CB7173-7EB9-43B1-BBEB-6E38A4D50BF8}.Release|Any CPU.ActiveCfg = Release
	EndGlobalSection
	GlobalSection(SolutionProperties) = preSolution
		HideSolutionNode = FALSE
	EndGlobalSection
EndGlobal
